
Microsoft Visual Studio Solution File, Format Version 12.00
# Visual Studio 2013
VisualStudioVersion = 12.0.21005.1
MinimumVisualStudioVersion = 10.0.40219.1
Project("{FAE04EC0-301F-11D3-BF4B-00C04F79EFBC}") = "TE-System", "TE-System\TE-System.csproj", "{14772A91-72B3-4C20-8E9A-D18A9476D9DC}"
EndProject
Project("{FAE04EC0-301F-11D3-BF4B-00C04F79EFBC}") = "Model", "Model\Model.csproj", "{C8F47F2D-A5CC-45B2-9CD2-493FC37B63D9}"
EndProject
Project("{FAE04EC0-301F-11D3-BF4B-00C04F79EFBC}") = "AppContext", "AppContext\AppContext.csproj", "{FFC61BF6-0073-4C6D-BF1B-2851037740CA}"
EndProject
Project("{FAE04EC0-301F-11D3-BF4B-00C04F79EFBC}") = "Utilities", "Utilities\Utilities.csproj", "{31C349DD-25F5-43EC-8ACE-357FA0F0A9F2}"
EndProject
Global
	GlobalSection(SolutionConfigurationPlatforms) = preSolution
		Debug|Any CPU = Debug|Any CPU
		Release|Any CPU = Release|Any CPU
	EndGlobalSection
	GlobalSection(ProjectConfigurationPlatforms) = postSolution
		{14772A91-72B3-4C20-8E9A-D18A9476D9DC}.Debug|Any CPU.ActiveCfg = Debug|Any CPU
		{14772A91-72B3-4C20-8E9A-D18A9476D9DC}.Debug|Any CPU.Build.0 = Debug|Any CPU
		{14772A91-72B3-4C20-8E9A-D18A9476D9DC}.Release|Any CPU.ActiveCfg = Release|Any CPU
		{14772A91-72B3-4C20-8E9A-D18A9476D9DC}.Release|Any CPU.Build.0 = Release|Any CPU
		{C8F47F2D-A5CC-45B2-9CD2-493FC37B63D9}.Debug|Any CPU.ActiveCfg = Debug|Any CPU
		{C8F47F2D-A5CC-45B2-9CD2-493FC37B63D9}.Debug|Any CPU.Build.0 = Debug|Any CPU
		{C8F47F2D-A5CC-45B2-9CD2-493FC37B63D9}.Release|Any CPU.ActiveCfg = Release|Any CPU
		{C8F47F2D-A5CC-45B2-9CD2-493FC37B63D9}.Release|Any CPU.Build.0 = Release|Any CPU
		{FFC61BF6-0073-4C6D-BF1B-2851037740CA}.Debug|Any CPU.ActiveCfg = Debug|Any CPU
		{FFC61BF6-0073-4C6D-BF1B-2851037740CA}.Debug|Any CPU.Build.0 = Debug|Any CPU
		{FFC61BF6-0073-4C6D-BF1B-2851037740CA}.Release|Any CPU.ActiveCfg = Release|Any CPU
		{FFC61BF6-0073-4C6D-BF1B-2851037740CA}.Release|Any CPU.Build.0 = Release|Any CPU
		{31C349DD-25F5-43EC-8ACE-357FA0F0A9F2}.Debug|Any CPU.ActiveCfg = Debug|Any CPU
		{31C349DD-25F5-43EC-8ACE-357FA0F0A9F2}.Debug|Any CPU.Build.0 = Debug|Any CPU
		{31C349DD-25F5-43EC-8ACE-357FA0F0A9F2}.Release|Any CPU.ActiveCfg = Release|Any CPU
		{31C349DD-25F5-43EC-8ACE-357FA0F0A9F2}.Release|Any CPU.Build.0 = Release|Any CPU
	EndGlobalSection
	GlobalSection(SolutionProperties) = preSolution
		HideSolutionNode = FALSE
	EndGlobalSection
EndGlobal
